
Microsoft Visual Studio Solution File, Format Version 12.00
# Visual Studio 15
VisualStudioVersion = 15.0.28307.438
MinimumVisualStudioVersion = 10.0.40219.1
Project("{FAE04EC0-301F-11D3-BF4B-00C04F79EFBC}") = "WindowsCredentialApp", "WindowsCredentialApp\WindowsCredentialApp.csproj", "{17EA10A3-2209-4261-93D2-2509043A5919}"
EndProject
Project("{FAE04EC0-301F-11D3-BF4B-00C04F79EFBC}") = "WindowsCredentialLib", "WindowsCredentialLib\WindowsCredentialLib.csproj", "{7366BD79-812B-49BB-BE4A-809789125109}"
EndProject
Project("{FAE04EC0-301F-11D3-BF4B-00C04F79EFBC}") = "WindowsCredentialTests", "WindowsCredentialTests\WindowsCredentialTests.csproj", "{34227635-5040-45EC-99B3-1B5E9DAFB4B3}"
EndProject
Project("{2150E333-8FDC-42A3-9474-1A3956D46DE8}") = "Code Snips", "Code Snips", "{0D93D5D7-40AE-4C5E-B8F6-DD9015D46DDC}"
	ProjectSection(SolutionItems) = preProject
		Snips.txt = Snips.txt
	EndProjectSection
EndProject
Project("{FAE04EC0-301F-11D3-BF4B-00C04F79EFBC}") = "WindowsCredWpfApp", "WindowsCredWpfApp\WindowsCredWpfApp.csproj", "{445690EE-B9D8-406D-B23B-81C4CDEEFA8A}"
EndProject
Global
	GlobalSection(SolutionConfigurationPlatforms) = preSolution
		Debug|Any CPU = Debug|Any CPU
		Release|Any CPU = Release|Any CPU
	EndGlobalSection
	GlobalSection(ProjectConfigurationPlatforms) = postSolution
		{17EA10A3-2209-4261-93D2-2509043A5919}.Debug|Any CPU.ActiveCfg = Debug|Any CPU
		{17EA10A3-2209-4261-93D2-2509043A5919}.Debug|Any CPU.Build.0 = Debug|Any CPU
		{17EA10A3-2209-4261-93D2-2509043A5919}.Release|Any CPU.ActiveCfg = Release|Any CPU
		{17EA10A3-2209-4261-93D2-2509043A5919}.Release|Any CPU.Build.0 = Release|Any CPU
		{7366BD79-812B-49BB-BE4A-809789125109}.Debug|Any CPU.ActiveCfg = Debug|Any CPU
		{7366BD79-812B-49BB-BE4A-809789125109}.Debug|Any CPU.Build.0 = Debug|Any CPU
		{7366BD79-812B-49BB-BE4A-809789125109}.Release|Any CPU.ActiveCfg = Release|Any CPU
		{7366BD79-812B-49BB-BE4A-809789125109}.Release|Any CPU.Build.0 = Release|Any CPU
		{34227635-5040-45EC-99B3-1B5E9DAFB4B3}.Debug|Any CPU.ActiveCfg = Debug|Any CPU
		{34227635-5040-45EC-99B3-1B5E9DAFB4B3}.Debug|Any CPU.Build.0 = Debug|Any CPU
		{34227635-5040-45EC-99B3-1B5E9DAFB4B3}.Release|Any CPU.ActiveCfg = Release|Any CPU
		{34227635-5040-45EC-99B3-1B5E9DAFB4B3}.Release|Any CPU.Build.0 = Release|Any CPU
		{445690EE-B9D8-406D-B23B-81C4CDEEFA8A}.Debug|Any CPU.ActiveCfg = Debug|Any CPU
		{445690EE-B9D8-406D-B23B-81C4CDEEFA8A}.Debug|Any CPU.Build.0 = Debug|Any CPU
		{445690EE-B9D8-406D-B23B-81C4CDEEFA8A}.Release|Any CPU.ActiveCfg = Release|Any CPU
		{445690EE-B9D8-406D-B23B-81C4CDEEFA8A}.Release|Any CPU.Build.0 = Release|Any CPU
	EndGlobalSection
	GlobalSection(SolutionProperties) = preSolution
		HideSolutionNode = FALSE
	EndGlobalSection
	GlobalSection(ExtensibilityGlobals) = postSolution
		SolutionGuid = {7C460072-8101-4FE9-B35E-4C45388A602F}
	EndGlobalSection
EndGlobal
